
Microsoft Visual Studio Solution File, Format Version 12.00
# Visual Studio Version 16
VisualStudioVersion = 16.0.31702.278
MinimumVisualStudioVersion = 10.0.40219.1
Project("{FAE04EC0-301F-11D3-BF4B-00C04F79EFBC}") = "Chitanka", "Chitanka\Chitanka.csproj", "{99D25FDE-ADB5-41CB-A8E5-6EAC5172D7A8}"
EndProject
Global
	GlobalSection(SolutionConfigurationPlatforms) = preSolution
		Debug|Any CPU = Debug|Any CPU
		Release|Any CPU = Release|Any CPU
	EndGlobalSection
	GlobalSection(ProjectConfigurationPlatforms) = postSolution
		{99D25FDE-ADB5-41CB-A8E5-6EAC5172D7A8}.Debug|Any CPU.ActiveCfg = Debug|Any CPU
		{99D25FDE-ADB5-41CB-A8E5-6EAC5172D7A8}.Debug|Any CPU.Build.0 = Debug|Any CPU
		{99D25FDE-ADB5-41CB-A8E5-6EAC5172D7A8}.Release|Any CPU.ActiveCfg = Release|Any CPU
		{99D25FDE-ADB5-41CB-A8E5-6EAC5172D7A8}.Release|Any CPU.Build.0 = Release|Any CPU
	EndGlobalSection
	GlobalSection(SolutionProperties) = preSolution
		HideSolutionNode = FALSE
	EndGlobalSection
	GlobalSection(ExtensibilityGlobals) = postSolution
		SolutionGuid = {FA8E701C-D2B8-48CE-BE85-BF96AC0EEE75}
	EndGlobalSection
EndGlobal
